// !$*UTF8*$!
{
	archiveVersion = 1;
	classes = {
	};
	objectVersion = 56;
	objects = {

/* Begin PBXBuildFile section */
		5BB2E1A946AEAE167D178D9B /* Pods_sidequest1.framework in Frameworks */ = {isa = PBXBuildFile; fileRef = 2ED74B6674F2183FEC82E880 /* Pods_sidequest1.framework */; };
		A05FF023297203CD001A336F /* UserInterestedTableViewCell.swift in Sources */ = {isa = PBXBuildFile; fileRef = A05FF022297203CD001A336F /* UserInterestedTableViewCell.swift */; };
		A06DDAED2971A52E00C5DE0F /* ViewInteractionsViewController.swift in Sources */ = {isa = PBXBuildFile; fileRef = A06DDAEC2971A52E00C5DE0F /* ViewInteractionsViewController.swift */; };
		A0DA06062932B52900FD161F /* AddJobViewController.swift in Sources */ = {isa = PBXBuildFile; fileRef = A0DA06052932B52900FD161F /* AddJobViewController.swift */; };
		A0DA06082932C51B00FD161F /* mainTabBarViewController.swift in Sources */ = {isa = PBXBuildFile; fileRef = A0DA06072932C51B00FD161F /* mainTabBarViewController.swift */; };
		A0F95FDF293AA99200065D61 /* Merriweather-Regular.ttf in Resources */ = {isa = PBXBuildFile; fileRef = A0F95FDE293AA99200065D61 /* Merriweather-Regular.ttf */; };
		A0F95FE1293AA9AD00065D61 /* IBMPlexSans-Medium.ttf in Resources */ = {isa = PBXBuildFile; fileRef = A0F95FE0293AA9AD00065D61 /* IBMPlexSans-Medium.ttf */; };
		A0F95FE3293AA9B800065D61 /* IBMPlexSans-Thin.ttf in Resources */ = {isa = PBXBuildFile; fileRef = A0F95FE2293AA9B800065D61 /* IBMPlexSans-Thin.ttf */; };
		A0F95FE5293AA9E100065D61 /* IBMPlexSans-Light.ttf in Resources */ = {isa = PBXBuildFile; fileRef = A0F95FE4293AA9E100065D61 /* IBMPlexSans-Light.ttf */; };
		BE26868B295634D100DD8CAD /* ImageProvider.swift in Sources */ = {isa = PBXBuildFile; fileRef = BE26868A295634D100DD8CAD /* ImageProvider.swift */; };
		BE26868D29564EE900DD8CAD /* EditJobViewController.swift in Sources */ = {isa = PBXBuildFile; fileRef = BE26868C29564EE900DD8CAD /* EditJobViewController.swift */; };
		BE9F7CE82931BEDC00561E8F /* AppDelegate.swift in Sources */ = {isa = PBXBuildFile; fileRef = BE9F7CE72931BEDC00561E8F /* AppDelegate.swift */; };
		BE9F7CEA2931BEDC00561E8F /* SceneDelegate.swift in Sources */ = {isa = PBXBuildFile; fileRef = BE9F7CE92931BEDC00561E8F /* SceneDelegate.swift */; };
		BE9F7CEC2931BEDC00561E8F /* ViewController.swift in Sources */ = {isa = PBXBuildFile; fileRef = BE9F7CEB2931BEDC00561E8F /* ViewController.swift */; };
		BE9F7CF12931BEDE00561E8F /* Assets.xcassets in Resources */ = {isa = PBXBuildFile; fileRef = BE9F7CF02931BEDE00561E8F /* Assets.xcassets */; };
		BE9F7CF42931BEDE00561E8F /* LaunchScreen.storyboard in Resources */ = {isa = PBXBuildFile; fileRef = BE9F7CF22931BEDE00561E8F /* LaunchScreen.storyboard */; };
		BE9F7CFE2931C00800561E8F /* SignUpViewController.swift in Sources */ = {isa = PBXBuildFile; fileRef = BE9F7CFD2931C00800561E8F /* SignUpViewController.swift */; };
		BE9F7D012931C05800561E8F /* UITapGestureRecognizer+didTapAttributedText.swift in Sources */ = {isa = PBXBuildFile; fileRef = BE9F7D002931C05800561E8F /* UITapGestureRecognizer+didTapAttributedText.swift */; };
		BE9F7D032931C07E00561E8F /* UIViewController+AddGestureViewController.swift in Sources */ = {isa = PBXBuildFile; fileRef = BE9F7D022931C07E00561E8F /* UIViewController+AddGestureViewController.swift */; };
		BE9F7D052931C09800561E8F /* UITextField+TapGesture.swift in Sources */ = {isa = PBXBuildFile; fileRef = BE9F7D042931C09800561E8F /* UITextField+TapGesture.swift */; };
		BE9F7D072931C0B000561E8F /* UIColor+RGBHex.swift in Sources */ = {isa = PBXBuildFile; fileRef = BE9F7D062931C0B000561E8F /* UIColor+RGBHex.swift */; };
		BE9F7D092931C0F600561E8F /* JobCollectionViewCell.swift in Sources */ = {isa = PBXBuildFile; fileRef = BE9F7D082931C0F600561E8F /* JobCollectionViewCell.swift */; };
		BE9F7D0B2931C11D00561E8F /* HomePage.swift in Sources */ = {isa = PBXBuildFile; fileRef = BE9F7D0A2931C11D00561E8F /* HomePage.swift */; };
		BE9F7D0F2931C14C00561E8F /* Posting.swift in Sources */ = {isa = PBXBuildFile; fileRef = BE9F7D0E2931C14C00561E8F /* Posting.swift */; };
		BE9F7D112931C16A00561E8F /* PostingCollectionViewCell.swift in Sources */ = {isa = PBXBuildFile; fileRef = BE9F7D102931C16A00561E8F /* PostingCollectionViewCell.swift */; };
		BE9F7D132931C19800561E8F /* moreInfoPresentViewController.swift in Sources */ = {isa = PBXBuildFile; fileRef = BE9F7D122931C19800561E8F /* moreInfoPresentViewController.swift */; };
		BEB7F03029347D40003DF523 /* User.swift in Sources */ = {isa = PBXBuildFile; fileRef = BEB7F02F29347D40003DF523 /* User.swift */; };
		BEB7F03229347D60003DF523 /* NetworkManager.swift in Sources */ = {isa = PBXBuildFile; fileRef = BEB7F03129347D60003DF523 /* NetworkManager.swift */; };
		BEB7F03429347D64003DF523 /* Rating.swift in Sources */ = {isa = PBXBuildFile; fileRef = BEB7F03329347D64003DF523 /* Rating.swift */; };
		BEB7F03629347D6A003DF523 /* MessageViewController.swift in Sources */ = {isa = PBXBuildFile; fileRef = BEB7F03529347D6A003DF523 /* MessageViewController.swift */; };
		BEB7F03829347D7C003DF523 /* Asset.swift in Sources */ = {isa = PBXBuildFile; fileRef = BEB7F03729347D7C003DF523 /* Asset.swift */; };
		BEB7F03A29347D84003DF523 /* ChatViewController.swift in Sources */ = {isa = PBXBuildFile; fileRef = BEB7F03929347D84003DF523 /* ChatViewController.swift */; };
		BEB7F03F29347F8C003DF523 /* SimpleImage.swift in Sources */ = {isa = PBXBuildFile; fileRef = BEB7F03E29347F8C003DF523 /* SimpleImage.swift */; };
		BEB7F04129347F9B003DF523 /* SimpleJob.swift in Sources */ = {isa = PBXBuildFile; fileRef = BEB7F04029347F9B003DF523 /* SimpleJob.swift */; };
		BEB7F04329347FAC003DF523 /* SimpleRating.swift in Sources */ = {isa = PBXBuildFile; fileRef = BEB7F04229347FAC003DF523 /* SimpleRating.swift */; };
		BEB7F04529347FB9003DF523 /* SimpleUser.swift in Sources */ = {isa = PBXBuildFile; fileRef = BEB7F04429347FB9003DF523 /* SimpleUser.swift */; };
		BEB7F0472934812A003DF523 /* Job.swift in Sources */ = {isa = PBXBuildFile; fileRef = BEB7F0462934812A003DF523 /* Job.swift */; };
		BEB7F0582935A5FE003DF523 /* Chat.swift in Sources */ = {isa = PBXBuildFile; fileRef = BEB7F0572935A5FE003DF523 /* Chat.swift */; };
		BEB7F05A2935A711003DF523 /* ChatUser.swift in Sources */ = {isa = PBXBuildFile; fileRef = BEB7F0592935A711003DF523 /* ChatUser.swift */; };
		BEB7F05C2935A76A003DF523 /* Message.swift in Sources */ = {isa = PBXBuildFile; fileRef = BEB7F05B2935A76A003DF523 /* Message.swift */; };
		BEB7F05E2935CE3E003DF523 /* MessageTableViewCell.swift in Sources */ = {isa = PBXBuildFile; fileRef = BEB7F05D2935CE3E003DF523 /* MessageTableViewCell.swift */; };
		BEB7F07129373AFC003DF523 /* ProfileViewController.swift in Sources */ = {isa = PBXBuildFile; fileRef = BEB7F07029373AFC003DF523 /* ProfileViewController.swift */; };
		BEB7F0732937CBEC003DF523 /* InProgressCollectionViewCell.swift in Sources */ = {isa = PBXBuildFile; fileRef = BEB7F0722937CBEC003DF523 /* InProgressCollectionViewCell.swift */; };
		BEB7F077293807AF003DF523 /* TestViewController.swift in Sources */ = {isa = PBXBuildFile; fileRef = BEB7F076293807AF003DF523 /* TestViewController.swift */; };
		BEB7F07929386E2B003DF523 /* FavoritesCollectionViewCell.swift in Sources */ = {isa = PBXBuildFile; fileRef = BEB7F07829386E2B003DF523 /* FavoritesCollectionViewCell.swift */; };
		BEB7F080293A03E9003DF523 /* SimpleChat.swift in Sources */ = {isa = PBXBuildFile; fileRef = BEB7F07F293A03E9003DF523 /* SimpleChat.swift */; };
		BEB7F082293A8F39003DF523 /* PublishJobPresentViewController.swift in Sources */ = {isa = PBXBuildFile; fileRef = BEB7F081293A8F39003DF523 /* PublishJobPresentViewController.swift */; };
		BEB7F086293A8FEA003DF523 /* Filter.swift in Sources */ = {isa = PBXBuildFile; fileRef = BEB7F085293A8FEA003DF523 /* Filter.swift */; };
		BEB7F088293A9040003DF523 /* YourPostCollectionViewCell.swift in Sources */ = {isa = PBXBuildFile; fileRef = BEB7F087293A9040003DF523 /* YourPostCollectionViewCell.swift */; };
		BEB7F08E293A9203003DF523 /* ChatModal.swift in Sources */ = {isa = PBXBuildFile; fileRef = BEB7F08D293A9203003DF523 /* ChatModal.swift */; };
		BEB7F090293A9228003DF523 /* MessageModal.swift in Sources */ = {isa = PBXBuildFile; fileRef = BEB7F08F293A9228003DF523 /* MessageModal.swift */; };
		BEB7F096293A939A003DF523 /* Merriweather-Light.ttf in Resources */ = {isa = PBXBuildFile; fileRef = BEB7F095293A939A003DF523 /* Merriweather-Light.ttf */; };
		BEB7F098293A93A5003DF523 /* Merriweather-Bold.ttf in Resources */ = {isa = PBXBuildFile; fileRef = BEB7F097293A93A5003DF523 /* Merriweather-Bold.ttf */; };
		BEB7F09F293A946A003DF523 /* LoginViewController.swift in Sources */ = {isa = PBXBuildFile; fileRef = BEB7F09E293A946A003DF523 /* LoginViewController.swift */; };
		BEB7F0A7293FDDD7003DF523 /* base64Encode.swift in Sources */ = {isa = PBXBuildFile; fileRef = BEB7F0A6293FDDD7003DF523 /* base64Encode.swift */; };
/* End PBXBuildFile section */

/* Begin PBXFileReference section */
		2ED74B6674F2183FEC82E880 /* Pods_sidequest1.framework */ = {isa = PBXFileReference; explicitFileType = wrapper.framework; includeInIndex = 0; path = Pods_sidequest1.framework; sourceTree = BUILT_PRODUCTS_DIR; };
		468AA8A8E8B0D3807CA744CF /* Pods-sidequest1.debug.xcconfig */ = {isa = PBXFileReference; includeInIndex = 1; lastKnownFileType = text.xcconfig; name = "Pods-sidequest1.debug.xcconfig"; path = "Target Support Files/Pods-sidequest1/Pods-sidequest1.debug.xcconfig"; sourceTree = "<group>"; };
		55C5B7DB1146E28998090759 /* Pods-sidequest1.release.xcconfig */ = {isa = PBXFileReference; includeInIndex = 1; lastKnownFileType = text.xcconfig; name = "Pods-sidequest1.release.xcconfig"; path = "Target Support Files/Pods-sidequest1/Pods-sidequest1.release.xcconfig"; sourceTree = "<group>"; };
		A05FF022297203CD001A336F /* UserInterestedTableViewCell.swift */ = {isa = PBXFileReference; lastKnownFileType = sourcecode.swift; path = UserInterestedTableViewCell.swift; sourceTree = "<group>"; };
		A06DDAEC2971A52E00C5DE0F /* ViewInteractionsViewController.swift */ = {isa = PBXFileReference; lastKnownFileType = sourcecode.swift; path = ViewInteractionsViewController.swift; sourceTree = "<group>"; };
		A0DA06052932B52900FD161F /* AddJobViewController.swift */ = {isa = PBXFileReference; lastKnownFileType = sourcecode.swift; path = AddJobViewController.swift; sourceTree = "<group>"; };
		A0DA06072932C51B00FD161F /* mainTabBarViewController.swift */ = {isa = PBXFileReference; lastKnownFileType = sourcecode.swift; path = mainTabBarViewController.swift; sourceTree = "<group>"; };
		A0F95FDE293AA99200065D61 /* Merriweather-Regular.ttf */ = {isa = PBXFileReference; lastKnownFileType = file; path = "Merriweather-Regular.ttf"; sourceTree = "<group>"; };
		A0F95FE0293AA9AD00065D61 /* IBMPlexSans-Medium.ttf */ = {isa = PBXFileReference; lastKnownFileType = file; path = "IBMPlexSans-Medium.ttf"; sourceTree = "<group>"; };
		A0F95FE2293AA9B800065D61 /* IBMPlexSans-Thin.ttf */ = {isa = PBXFileReference; lastKnownFileType = file; path = "IBMPlexSans-Thin.ttf"; sourceTree = "<group>"; };
		A0F95FE4293AA9E100065D61 /* IBMPlexSans-Light.ttf */ = {isa = PBXFileReference; lastKnownFileType = file; path = "IBMPlexSans-Light.ttf"; sourceTree = "<group>"; };
		BE26868A295634D100DD8CAD /* ImageProvider.swift */ = {isa = PBXFileReference; lastKnownFileType = sourcecode.swift; path = ImageProvider.swift; sourceTree = "<group>"; };
		BE26868C29564EE900DD8CAD /* EditJobViewController.swift */ = {isa = PBXFileReference; lastKnownFileType = sourcecode.swift; path = EditJobViewController.swift; sourceTree = "<group>"; };
		BE9F7CE42931BEDC00561E8F /* sidequest1.app */ = {isa = PBXFileReference; explicitFileType = wrapper.application; includeInIndex = 0; path = sidequest1.app; sourceTree = BUILT_PRODUCTS_DIR; };
		BE9F7CE72931BEDC00561E8F /* AppDelegate.swift */ = {isa = PBXFileReference; lastKnownFileType = sourcecode.swift; path = AppDelegate.swift; sourceTree = "<group>"; };
		BE9F7CE92931BEDC00561E8F /* SceneDelegate.swift */ = {isa = PBXFileReference; lastKnownFileType = sourcecode.swift; path = SceneDelegate.swift; sourceTree = "<group>"; };
		BE9F7CEB2931BEDC00561E8F /* ViewController.swift */ = {isa = PBXFileReference; lastKnownFileType = sourcecode.swift; path = ViewController.swift; sourceTree = "<group>"; };
		BE9F7CF02931BEDE00561E8F /* Assets.xcassets */ = {isa = PBXFileReference; lastKnownFileType = folder.assetcatalog; path = Assets.xcassets; sourceTree = "<group>"; };
		BE9F7CF32931BEDE00561E8F /* Base */ = {isa = PBXFileReference; lastKnownFileType = file.storyboard; name = Base; path = Base.lproj/LaunchScreen.storyboard; sourceTree = "<group>"; };
		BE9F7CF52931BEDE00561E8F /* Info.plist */ = {isa = PBXFileReference; lastKnownFileType = text.plist.xml; path = Info.plist; sourceTree = "<group>"; };
		BE9F7CFD2931C00800561E8F /* SignUpViewController.swift */ = {isa = PBXFileReference; lastKnownFileType = sourcecode.swift; path = SignUpViewController.swift; sourceTree = "<group>"; };
		BE9F7D002931C05800561E8F /* UITapGestureRecognizer+didTapAttributedText.swift */ = {isa = PBXFileReference; lastKnownFileType = sourcecode.swift; path = "UITapGestureRecognizer+didTapAttributedText.swift"; sourceTree = "<group>"; };
		BE9F7D022931C07E00561E8F /* UIViewController+AddGestureViewController.swift */ = {isa = PBXFileReference; lastKnownFileType = sourcecode.swift; path = "UIViewController+AddGestureViewController.swift"; sourceTree = "<group>"; };
		BE9F7D042931C09800561E8F /* UITextField+TapGesture.swift */ = {isa = PBXFileReference; lastKnownFileType = sourcecode.swift; path = "UITextField+TapGesture.swift"; sourceTree = "<group>"; };
		BE9F7D062931C0B000561E8F /* UIColor+RGBHex.swift */ = {isa = PBXFileReference; lastKnownFileType = sourcecode.swift; path = "UIColor+RGBHex.swift"; sourceTree = "<group>"; };
		BE9F7D082931C0F600561E8F /* JobCollectionViewCell.swift */ = {isa = PBXFileReference; lastKnownFileType = sourcecode.swift; path = JobCollectionViewCell.swift; sourceTree = "<group>"; };
		BE9F7D0A2931C11D00561E8F /* HomePage.swift */ = {isa = PBXFileReference; lastKnownFileType = sourcecode.swift; path = HomePage.swift; sourceTree = "<group>"; };
		BE9F7D0E2931C14C00561E8F /* Posting.swift */ = {isa = PBXFileReference; lastKnownFileType = sourcecode.swift; path = Posting.swift; sourceTree = "<group>"; };
		BE9F7D102931C16A00561E8F /* PostingCollectionViewCell.swift */ = {isa = PBXFileReference; lastKnownFileType = sourcecode.swift; path = PostingCollectionViewCell.swift; sourceTree = "<group>"; };
		BE9F7D122931C19800561E8F /* moreInfoPresentViewController.swift */ = {isa = PBXFileReference; lastKnownFileType = sourcecode.swift; path = moreInfoPresentViewController.swift; sourceTree = "<group>"; };
		BEB7F02F29347D40003DF523 /* User.swift */ = {isa = PBXFileReference; fileEncoding = 4; lastKnownFileType = sourcecode.swift; path = User.swift; sourceTree = "<group>"; };
		BEB7F03129347D60003DF523 /* NetworkManager.swift */ = {isa = PBXFileReference; fileEncoding = 4; lastKnownFileType = sourcecode.swift; path = NetworkManager.swift; sourceTree = "<group>"; };
		BEB7F03329347D64003DF523 /* Rating.swift */ = {isa = PBXFileReference; fileEncoding = 4; lastKnownFileType = sourcecode.swift; path = Rating.swift; sourceTree = "<group>"; };
		BEB7F03529347D6A003DF523 /* MessageViewController.swift */ = {isa = PBXFileReference; fileEncoding = 4; lastKnownFileType = sourcecode.swift; path = MessageViewController.swift; sourceTree = "<group>"; };
		BEB7F03729347D7C003DF523 /* Asset.swift */ = {isa = PBXFileReference; fileEncoding = 4; lastKnownFileType = sourcecode.swift; path = Asset.swift; sourceTree = "<group>"; };
		BEB7F03929347D84003DF523 /* ChatViewController.swift */ = {isa = PBXFileReference; fileEncoding = 4; lastKnownFileType = sourcecode.swift; path = ChatViewController.swift; sourceTree = "<group>"; };
		BEB7F03E29347F8C003DF523 /* SimpleImage.swift */ = {isa = PBXFileReference; lastKnownFileType = sourcecode.swift; path = SimpleImage.swift; sourceTree = "<group>"; };
		BEB7F04029347F9B003DF523 /* SimpleJob.swift */ = {isa = PBXFileReference; lastKnownFileType = sourcecode.swift; path = SimpleJob.swift; sourceTree = "<group>"; };
		BEB7F04229347FAC003DF523 /* SimpleRating.swift */ = {isa = PBXFileReference; lastKnownFileType = sourcecode.swift; path = SimpleRating.swift; sourceTree = "<group>"; };
		BEB7F04429347FB9003DF523 /* SimpleUser.swift */ = {isa = PBXFileReference; lastKnownFileType = sourcecode.swift; path = SimpleUser.swift; sourceTree = "<group>"; };
		BEB7F0462934812A003DF523 /* Job.swift */ = {isa = PBXFileReference; lastKnownFileType = sourcecode.swift; path = Job.swift; sourceTree = "<group>"; };
		BEB7F04A293499E3003DF523 /* IBMPlexSans-Medium.ttf */ = {isa = PBXFileReference; lastKnownFileType = file; path = "IBMPlexSans-Medium.ttf"; sourceTree = "<group>"; };
		BEB7F04C29349AEF003DF523 /* Merriweather-Light.ttf */ = {isa = PBXFileReference; lastKnownFileType = file; path = "Merriweather-Light.ttf"; sourceTree = "<group>"; };
		BEB7F04E29349AF5003DF523 /* Merriweather-Regular.ttf */ = {isa = PBXFileReference; lastKnownFileType = file; path = "Merriweather-Regular.ttf"; sourceTree = "<group>"; };
		BEB7F05029349AFC003DF523 /* Merriweather-Bold.ttf */ = {isa = PBXFileReference; lastKnownFileType = file; path = "Merriweather-Bold.ttf"; sourceTree = "<group>"; };
		BEB7F05229349BF4003DF523 /* IBMPlexSans-Thin.ttf */ = {isa = PBXFileReference; lastKnownFileType = file; path = "IBMPlexSans-Thin.ttf"; sourceTree = "<group>"; };
		BEB7F05429349C99003DF523 /* IBMPlexSans-Light.ttf */ = {isa = PBXFileReference; lastKnownFileType = file; path = "IBMPlexSans-Light.ttf"; sourceTree = "<group>"; };
		BEB7F0572935A5FE003DF523 /* Chat.swift */ = {isa = PBXFileReference; lastKnownFileType = sourcecode.swift; path = Chat.swift; sourceTree = "<group>"; };
		BEB7F0592935A711003DF523 /* ChatUser.swift */ = {isa = PBXFileReference; lastKnownFileType = sourcecode.swift; path = ChatUser.swift; sourceTree = "<group>"; };
		BEB7F05B2935A76A003DF523 /* Message.swift */ = {isa = PBXFileReference; lastKnownFileType = sourcecode.swift; path = Message.swift; sourceTree = "<group>"; };
		BEB7F05D2935CE3E003DF523 /* MessageTableViewCell.swift */ = {isa = PBXFileReference; lastKnownFileType = sourcecode.swift; path = MessageTableViewCell.swift; sourceTree = "<group>"; };
		BEB7F07029373AFC003DF523 /* ProfileViewController.swift */ = {isa = PBXFileReference; lastKnownFileType = sourcecode.swift; path = ProfileViewController.swift; sourceTree = "<group>"; };
		BEB7F0722937CBEC003DF523 /* InProgressCollectionViewCell.swift */ = {isa = PBXFileReference; lastKnownFileType = sourcecode.swift; path = InProgressCollectionViewCell.swift; sourceTree = "<group>"; };
		BEB7F076293807AF003DF523 /* TestViewController.swift */ = {isa = PBXFileReference; lastKnownFileType = sourcecode.swift; path = TestViewController.swift; sourceTree = "<group>"; };
		BEB7F07829386E2B003DF523 /* FavoritesCollectionViewCell.swift */ = {isa = PBXFileReference; lastKnownFileType = sourcecode.swift; path = FavoritesCollectionViewCell.swift; sourceTree = "<group>"; };
		BEB7F07B293A0320003DF523 /* ChatModal.swift */ = {isa = PBXFileReference; lastKnownFileType = sourcecode.swift; path = ChatModal.swift; sourceTree = "<group>"; };
		BEB7F07D293A0361003DF523 /* MessageModal.swift */ = {isa = PBXFileReference; lastKnownFileType = sourcecode.swift; path = MessageModal.swift; sourceTree = "<group>"; };
		BEB7F07F293A03E9003DF523 /* SimpleChat.swift */ = {isa = PBXFileReference; lastKnownFileType = sourcecode.swift; path = SimpleChat.swift; sourceTree = "<group>"; };
		BEB7F081293A8F39003DF523 /* PublishJobPresentViewController.swift */ = {isa = PBXFileReference; lastKnownFileType = sourcecode.swift; path = PublishJobPresentViewController.swift; sourceTree = "<group>"; };
		BEB7F085293A8FEA003DF523 /* Filter.swift */ = {isa = PBXFileReference; lastKnownFileType = sourcecode.swift; path = Filter.swift; sourceTree = "<group>"; };
		BEB7F087293A9040003DF523 /* YourPostCollectionViewCell.swift */ = {isa = PBXFileReference; lastKnownFileType = sourcecode.swift; path = YourPostCollectionViewCell.swift; sourceTree = "<group>"; };
		BEB7F08D293A9203003DF523 /* ChatModal.swift */ = {isa = PBXFileReference; lastKnownFileType = sourcecode.swift; path = ChatModal.swift; sourceTree = "<group>"; };
		BEB7F08F293A9228003DF523 /* MessageModal.swift */ = {isa = PBXFileReference; lastKnownFileType = sourcecode.swift; path = MessageModal.swift; sourceTree = "<group>"; };
		BEB7F095293A939A003DF523 /* Merriweather-Light.ttf */ = {isa = PBXFileReference; lastKnownFileType = file; path = "Merriweather-Light.ttf"; sourceTree = "<group>"; };
		BEB7F097293A93A5003DF523 /* Merriweather-Bold.ttf */ = {isa = PBXFileReference; lastKnownFileType = file; path = "Merriweather-Bold.ttf"; sourceTree = "<group>"; };
		BEB7F09E293A946A003DF523 /* LoginViewController.swift */ = {isa = PBXFileReference; lastKnownFileType = sourcecode.swift; path = LoginViewController.swift; sourceTree = "<group>"; };
		BEB7F0A6293FDDD7003DF523 /* base64Encode.swift */ = {isa = PBXFileReference; lastKnownFileType = sourcecode.swift; path = base64Encode.swift; sourceTree = "<group>"; };
/* End PBXFileReference section */

/* Begin PBXFrameworksBuildPhase section */
		BE9F7CE12931BEDC00561E8F /* Frameworks */ = {
			isa = PBXFrameworksBuildPhase;
			buildActionMask = 2147483647;
			files = (
				5BB2E1A946AEAE167D178D9B /* Pods_sidequest1.framework in Frameworks */,
			);
			runOnlyForDeploymentPostprocessing = 0;
		};
/* End PBXFrameworksBuildPhase section */

/* Begin PBXGroup section */
		6B29D49BA1F604722D4F4123 /* Pods */ = {
			isa = PBXGroup;
			children = (
				468AA8A8E8B0D3807CA744CF /* Pods-sidequest1.debug.xcconfig */,
				55C5B7DB1146E28998090759 /* Pods-sidequest1.release.xcconfig */,
			);
			path = Pods;
			sourceTree = "<group>";
		};
		AF2F9D387C99546E47786BE1 /* Frameworks */ = {
			isa = PBXGroup;
			children = (
				2ED74B6674F2183FEC82E880 /* Pods_sidequest1.framework */,
			);
			name = Frameworks;
			sourceTree = "<group>";
		};
		BE2686872956337100DD8CAD /* Profile */ = {
			isa = PBXGroup;
			children = (
				BEB7F07829386E2B003DF523 /* FavoritesCollectionViewCell.swift */,
				BEB7F07029373AFC003DF523 /* ProfileViewController.swift */,
				BEB7F0722937CBEC003DF523 /* InProgressCollectionViewCell.swift */,
			);
			path = Profile;
			sourceTree = "<group>";
		};
		BE268689295633A000DD8CAD /* HomePage */ = {
			isa = PBXGroup;
			children = (
				BE9F7D0A2931C11D00561E8F /* HomePage.swift */,
				BE9F7D082931C0F600561E8F /* JobCollectionViewCell.swift */,
				BEB7F085293A8FEA003DF523 /* Filter.swift */,
				BE9F7D122931C19800561E8F /* moreInfoPresentViewController.swift */,
				BE9F7D102931C16A00561E8F /* PostingCollectionViewCell.swift */,
			);
			path = HomePage;
			sourceTree = "<group>";
		};
		BE9F7CDB2931BEDC00561E8F = {
			isa = PBXGroup;
			children = (
				BE9F7CE62931BEDC00561E8F /* sidequest1 */,
				BE9F7CE52931BEDC00561E8F /* Products */,
				6B29D49BA1F604722D4F4123 /* Pods */,
				AF2F9D387C99546E47786BE1 /* Frameworks */,
				BEB7F0622936B30B003DF523 /* Recovered References */,
			);
			sourceTree = "<group>";
		};
		BE9F7CE52931BEDC00561E8F /* Products */ = {
			isa = PBXGroup;
			children = (
				BE9F7CE42931BEDC00561E8F /* sidequest1.app */,
			);
			name = Products;
			sourceTree = "<group>";
		};
		BE9F7CE62931BEDC00561E8F /* sidequest1 */ = {
			isa = PBXGroup;
			children = (
				A0DA06072932C51B00FD161F /* mainTabBarViewController.swift */,
				BE26868A295634D100DD8CAD /* ImageProvider.swift */,
				BE9F7CE72931BEDC00561E8F /* AppDelegate.swift */,
				BE9F7CE92931BEDC00561E8F /* SceneDelegate.swift */,
				BE9F7CEB2931BEDC00561E8F /* ViewController.swift */,
				BE268689295633A000DD8CAD /* HomePage */,
				BEB7F0A0293A9485003DF523 /* AccountCreation */,
				BEB7F0562935A5EC003DF523 /* Chatting */,
				BEB7F03129347D60003DF523 /* NetworkManager.swift */,
				BEB7F076293807AF003DF523 /* TestViewController.swift */,
				BEB7F08C293A91E2003DF523 /* Modal */,
				BE2686872956337100DD8CAD /* Profile */,
				BEB7F0632936B31E003DF523 /* Fonts */,
				BEB7F03D29347F77003DF523 /* SimpleModals */,
				BEB7F0A2293A94C7003DF523 /* PostJob */,
				BEB7F0A3293A9A84003DF523 /* ken-changes */,
				BE9F7CFF2931C01D00561E8F /* extensions */,
				BE9F7CF02931BEDE00561E8F /* Assets.xcassets */,
				BE9F7CF22931BEDE00561E8F /* LaunchScreen.storyboard */,
				BE9F7CF52931BEDE00561E8F /* Info.plist */,
			);
			path = sidequest1;
			sourceTree = "<group>";
		};
		BE9F7CFF2931C01D00561E8F /* extensions */ = {
			isa = PBXGroup;
			children = (
				BE9F7D002931C05800561E8F /* UITapGestureRecognizer+didTapAttributedText.swift */,
				BE9F7D022931C07E00561E8F /* UIViewController+AddGestureViewController.swift */,
				BE9F7D042931C09800561E8F /* UITextField+TapGesture.swift */,
				BE9F7D062931C0B000561E8F /* UIColor+RGBHex.swift */,
				BEB7F0A6293FDDD7003DF523 /* base64Encode.swift */,
			);
			path = extensions;
			sourceTree = "<group>";
		};
		BEB7F03D29347F77003DF523 /* SimpleModals */ = {
			isa = PBXGroup;
			children = (
				BEB7F03E29347F8C003DF523 /* SimpleImage.swift */,
				BEB7F04029347F9B003DF523 /* SimpleJob.swift */,
				BEB7F04229347FAC003DF523 /* SimpleRating.swift */,
				BEB7F04429347FB9003DF523 /* SimpleUser.swift */,
				BEB7F07F293A03E9003DF523 /* SimpleChat.swift */,
			);
			path = SimpleModals;
			sourceTree = "<group>";
		};
		BEB7F0562935A5EC003DF523 /* Chatting */ = {
			isa = PBXGroup;
			children = (
				BEB7F03529347D6A003DF523 /* MessageViewController.swift */,
				BEB7F05D2935CE3E003DF523 /* MessageTableViewCell.swift */,
				BEB7F03929347D84003DF523 /* ChatViewController.swift */,
				BEB7F0572935A5FE003DF523 /* Chat.swift */,
				BEB7F0592935A711003DF523 /* ChatUser.swift */,
				BEB7F05B2935A76A003DF523 /* Message.swift */,
			);
			path = Chatting;
			sourceTree = "<group>";
		};
		BEB7F0622936B30B003DF523 /* Recovered References */ = {
			isa = PBXGroup;
			children = (
				BEB7F05029349AFC003DF523 /* Merriweather-Bold.ttf */,
				BEB7F04A293499E3003DF523 /* IBMPlexSans-Medium.ttf */,
				BEB7F04C29349AEF003DF523 /* Merriweather-Light.ttf */,
				BEB7F05429349C99003DF523 /* IBMPlexSans-Light.ttf */,
				BEB7F05229349BF4003DF523 /* IBMPlexSans-Thin.ttf */,
				BEB7F04E29349AF5003DF523 /* Merriweather-Regular.ttf */,
				BEB7F07B293A0320003DF523 /* ChatModal.swift */,
				BEB7F07D293A0361003DF523 /* MessageModal.swift */,
			);
			name = "Recovered References";
			sourceTree = "<group>";
		};
		BEB7F0632936B31E003DF523 /* Fonts */ = {
			isa = PBXGroup;
			children = (
				A0F95FE2293AA9B800065D61 /* IBMPlexSans-Thin.ttf */,
				A0F95FE0293AA9AD00065D61 /* IBMPlexSans-Medium.ttf */,
				A0F95FE4293AA9E100065D61 /* IBMPlexSans-Light.ttf */,
				BEB7F097293A93A5003DF523 /* Merriweather-Bold.ttf */,
				BEB7F095293A939A003DF523 /* Merriweather-Light.ttf */,
				A0F95FDE293AA99200065D61 /* Merriweather-Regular.ttf */,
			);
			path = Fonts;
			sourceTree = "<group>";
		};
		BEB7F08C293A91E2003DF523 /* Modal */ = {
			isa = PBXGroup;
			children = (
				BEB7F03729347D7C003DF523 /* Asset.swift */,
				BEB7F02F29347D40003DF523 /* User.swift */,
				BEB7F08D293A9203003DF523 /* ChatModal.swift */,
				BEB7F03329347D64003DF523 /* Rating.swift */,
				BEB7F0462934812A003DF523 /* Job.swift */,
				BE9F7D0E2931C14C00561E8F /* Posting.swift */,
				BEB7F08F293A9228003DF523 /* MessageModal.swift */,
			);
			path = Modal;
			sourceTree = "<group>";
		};
		BEB7F0A0293A9485003DF523 /* AccountCreation */ = {
			isa = PBXGroup;
			children = (
				BEB7F09E293A946A003DF523 /* LoginViewController.swift */,
				BE9F7CFD2931C00800561E8F /* SignUpViewController.swift */,
			);
			path = AccountCreation;
			sourceTree = "<group>";
		};
		BEB7F0A2293A94C7003DF523 /* PostJob */ = {
			isa = PBXGroup;
			children = (
				A0DA06052932B52900FD161F /* AddJobViewController.swift */,
				BE26868C29564EE900DD8CAD /* EditJobViewController.swift */,
				A06DDAEC2971A52E00C5DE0F /* ViewInteractionsViewController.swift */,
				A05FF022297203CD001A336F /* UserInterestedTableViewCell.swift */,
				BEB7F087293A9040003DF523 /* YourPostCollectionViewCell.swift */,
				BEB7F081293A8F39003DF523 /* PublishJobPresentViewController.swift */,
			);
			path = PostJob;
			sourceTree = "<group>";
		};
		BEB7F0A3293A9A84003DF523 /* ken-changes */ = {
			isa = PBXGroup;
			children = (
			);
			path = "ken-changes";
			sourceTree = "<group>";
		};
/* End PBXGroup section */

/* Begin PBXNativeTarget section */
		BE9F7CE32931BEDC00561E8F /* sidequest1 */ = {
			isa = PBXNativeTarget;
			buildConfigurationList = BE9F7CF82931BEDE00561E8F /* Build configuration list for PBXNativeTarget "sidequest1" */;
			buildPhases = (
				BA7557615721DC5C0E5B95C3 /* [CP] Check Pods Manifest.lock */,
				BE9F7CE02931BEDC00561E8F /* Sources */,
				BE9F7CE12931BEDC00561E8F /* Frameworks */,
				BE9F7CE22931BEDC00561E8F /* Resources */,
				3C290E0A105919EC8B183B63 /* [CP] Embed Pods Frameworks */,
			);
			buildRules = (
			);
			dependencies = (
			);
			name = sidequest1;
			productName = sidequest1;
			productReference = BE9F7CE42931BEDC00561E8F /* sidequest1.app */;
			productType = "com.apple.product-type.application";
		};
/* End PBXNativeTarget section */

/* Begin PBXProject section */
		BE9F7CDC2931BEDC00561E8F /* Project object */ = {
			isa = PBXProject;
			attributes = {
				BuildIndependentTargetsInParallel = 1;
				LastSwiftUpdateCheck = 1410;
				LastUpgradeCheck = 1410;
				TargetAttributes = {
					BE9F7CE32931BEDC00561E8F = {
						CreatedOnToolsVersion = 14.1;
					};
				};
			};
			buildConfigurationList = BE9F7CDF2931BEDC00561E8F /* Build configuration list for PBXProject "sidequest1" */;
			compatibilityVersion = "Xcode 14.0";
			developmentRegion = en;
			hasScannedForEncodings = 0;
			knownRegions = (
				en,
				Base,
			);
			mainGroup = BE9F7CDB2931BEDC00561E8F;
			productRefGroup = BE9F7CE52931BEDC00561E8F /* Products */;
			projectDirPath = "";
			projectRoot = "";
			targets = (
				BE9F7CE32931BEDC00561E8F /* sidequest1 */,
			);
		};
/* End PBXProject section */

/* Begin PBXResourcesBuildPhase section */
		BE9F7CE22931BEDC00561E8F /* Resources */ = {
			isa = PBXResourcesBuildPhase;
			buildActionMask = 2147483647;
			files = (
				BEB7F098293A93A5003DF523 /* Merriweather-Bold.ttf in Resources */,
				BE9F7CF42931BEDE00561E8F /* LaunchScreen.storyboard in Resources */,
				BE9F7CF12931BEDE00561E8F /* Assets.xcassets in Resources */,
				BEB7F096293A939A003DF523 /* Merriweather-Light.ttf in Resources */,
				A0F95FE5293AA9E100065D61 /* IBMPlexSans-Light.ttf in Resources */,
				A0F95FE3293AA9B800065D61 /* IBMPlexSans-Thin.ttf in Resources */,
				A0F95FDF293AA99200065D61 /* Merriweather-Regular.ttf in Resources */,
				A0F95FE1293AA9AD00065D61 /* IBMPlexSans-Medium.ttf in Resources */,
			);
			runOnlyForDeploymentPostprocessing = 0;
		};
/* End PBXResourcesBuildPhase section */

/* Begin PBXShellScriptBuildPhase section */
		3C290E0A105919EC8B183B63 /* [CP] Embed Pods Frameworks */ = {
			isa = PBXShellScriptBuildPhase;
			buildActionMask = 2147483647;
			files = (
			);
			inputFileListPaths = (
				"${PODS_ROOT}/Target Support Files/Pods-sidequest1/Pods-sidequest1-frameworks-${CONFIGURATION}-input-files.xcfilelist",
			);
			name = "[CP] Embed Pods Frameworks";
			outputFileListPaths = (
				"${PODS_ROOT}/Target Support Files/Pods-sidequest1/Pods-sidequest1-frameworks-${CONFIGURATION}-output-files.xcfilelist",
			);
			runOnlyForDeploymentPostprocessing = 0;
			shellPath = /bin/sh;
			shellScript = "\"${PODS_ROOT}/Target Support Files/Pods-sidequest1/Pods-sidequest1-frameworks.sh\"\n";
			showEnvVarsInLog = 0;
		};
		BA7557615721DC5C0E5B95C3 /* [CP] Check Pods Manifest.lock */ = {
			isa = PBXShellScriptBuildPhase;
			buildActionMask = 2147483647;
			files = (
			);
			inputFileListPaths = (
			);
			inputPaths = (
				"${PODS_PODFILE_DIR_PATH}/Podfile.lock",
				"${PODS_ROOT}/Manifest.lock",
			);
			name = "[CP] Check Pods Manifest.lock";
			outputFileListPaths = (
			);
			outputPaths = (
				"$(DERIVED_FILE_DIR)/Pods-sidequest1-checkManifestLockResult.txt",
			);
			runOnlyForDeploymentPostprocessing = 0;
			shellPath = /bin/sh;
			shellScript = "diff \"${PODS_PODFILE_DIR_PATH}/Podfile.lock\" \"${PODS_ROOT}/Manifest.lock\" > /dev/null\nif [ $? != 0 ] ; then\n    # print error to STDERR\n    echo \"error: The sandbox is not in sync with the Podfile.lock. Run 'pod install' or update your CocoaPods installation.\" >&2\n    exit 1\nfi\n# This output is used by Xcode 'outputs' to avoid re-running this script phase.\necho \"SUCCESS\" > \"${SCRIPT_OUTPUT_FILE_0}\"\n";
			showEnvVarsInLog = 0;
		};
/* End PBXShellScriptBuildPhase section */

/* Begin PBXSourcesBuildPhase section */
		BE9F7CE02931BEDC00561E8F /* Sources */ = {
			isa = PBXSourcesBuildPhase;
			buildActionMask = 2147483647;
			files = (
				BEB7F09F293A946A003DF523 /* LoginViewController.swift in Sources */,
				BEB7F04529347FB9003DF523 /* SimpleUser.swift in Sources */,
				BE9F7D0B2931C11D00561E8F /* HomePage.swift in Sources */,
				BE26868B295634D100DD8CAD /* ImageProvider.swift in Sources */,
				BEB7F080293A03E9003DF523 /* SimpleChat.swift in Sources */,
				BEB7F05A2935A711003DF523 /* ChatUser.swift in Sources */,
				BE26868D29564EE900DD8CAD /* EditJobViewController.swift in Sources */,
				BEB7F086293A8FEA003DF523 /* Filter.swift in Sources */,
				BEB7F04129347F9B003DF523 /* SimpleJob.swift in Sources */,
				BEB7F08E293A9203003DF523 /* ChatModal.swift in Sources */,
				BEB7F04329347FAC003DF523 /* SimpleRating.swift in Sources */,
				BE9F7D032931C07E00561E8F /* UIViewController+AddGestureViewController.swift in Sources */,
				A0DA06062932B52900FD161F /* AddJobViewController.swift in Sources */,
				BE9F7D092931C0F600561E8F /* JobCollectionViewCell.swift in Sources */,
				BEB7F03429347D64003DF523 /* Rating.swift in Sources */,
				BEB7F090293A9228003DF523 /* MessageModal.swift in Sources */,
				BEB7F0732937CBEC003DF523 /* InProgressCollectionViewCell.swift in Sources */,
				A06DDAED2971A52E00C5DE0F /* ViewInteractionsViewController.swift in Sources */,
				BE9F7CEC2931BEDC00561E8F /* ViewController.swift in Sources */,
				BE9F7CE82931BEDC00561E8F /* AppDelegate.swift in Sources */,
				BEB7F07929386E2B003DF523 /* FavoritesCollectionViewCell.swift in Sources */,
				A05FF023297203CD001A336F /* UserInterestedTableViewCell.swift in Sources */,
				BEB7F05C2935A76A003DF523 /* Message.swift in Sources */,
				BE9F7D132931C19800561E8F /* moreInfoPresentViewController.swift in Sources */,
				BEB7F0A7293FDDD7003DF523 /* base64Encode.swift in Sources */,
				BEB7F0582935A5FE003DF523 /* Chat.swift in Sources */,
				BEB7F03A29347D84003DF523 /* ChatViewController.swift in Sources */,
				BE9F7CEA2931BEDC00561E8F /* SceneDelegate.swift in Sources */,
				BE9F7D112931C16A00561E8F /* PostingCollectionViewCell.swift in Sources */,
				A0DA06082932C51B00FD161F /* mainTabBarViewController.swift in Sources */,
				BEB7F03F29347F8C003DF523 /* SimpleImage.swift in Sources */,
				BEB7F03229347D60003DF523 /* NetworkManager.swift in Sources */,
				BE9F7D052931C09800561E8F /* UITextField+TapGesture.swift in Sources */,
				BEB7F07129373AFC003DF523 /* ProfileViewController.swift in Sources */,
				BE9F7D0F2931C14C00561E8F /* Posting.swift in Sources */,
				BE9F7D072931C0B000561E8F /* UIColor+RGBHex.swift in Sources */,
				BEB7F05E2935CE3E003DF523 /* MessageTableViewCell.swift in Sources */,
				BEB7F03629347D6A003DF523 /* MessageViewController.swift in Sources */,
				BEB7F0472934812A003DF523 /* Job.swift in Sources */,
				BEB7F03829347D7C003DF523 /* Asset.swift in Sources */,
				BE9F7D012931C05800561E8F /* UITapGestureRecognizer+didTapAttributedText.swift in Sources */,
				BE9F7CFE2931C00800561E8F /* SignUpViewController.swift in Sources */,
				BEB7F077293807AF003DF523 /* TestViewController.swift in Sources */,
				BEB7F03029347D40003DF523 /* User.swift in Sources */,
				BEB7F088293A9040003DF523 /* YourPostCollectionViewCell.swift in Sources */,
				BEB7F082293A8F39003DF523 /* PublishJobPresentViewController.swift in Sources */,
			);
			runOnlyForDeploymentPostprocessing = 0;
		};
/* End PBXSourcesBuildPhase section */

/* Begin PBXVariantGroup section */
		BE9F7CF22931BEDE00561E8F /* LaunchScreen.storyboard */ = {
			isa = PBXVariantGroup;
			children = (
				BE9F7CF32931BEDE00561E8F /* Base */,
			);
			name = LaunchScreen.storyboard;
			sourceTree = "<group>";
		};
/* End PBXVariantGroup section */

/* Begin XCBuildConfiguration section */
		BE9F7CF62931BEDE00561E8F /* Debug */ = {
			isa = XCBuildConfiguration;
			buildSettings = {
				ALWAYS_SEARCH_USER_PATHS = NO;
				CLANG_ANALYZER_NONNULL = YES;
				CLANG_ANALYZER_NUMBER_OBJECT_CONVERSION = YES_AGGRESSIVE;
				CLANG_CXX_LANGUAGE_STANDARD = "gnu++20";
				CLANG_ENABLE_MODULES = YES;
				CLANG_ENABLE_OBJC_ARC = YES;
				CLANG_ENABLE_OBJC_WEAK = YES;
				CLANG_WARN_BLOCK_CAPTURE_AUTORELEASING = YES;
				CLANG_WARN_BOOL_CONVERSION = YES;
				CLANG_WARN_COMMA = YES;
				CLANG_WARN_CONSTANT_CONVERSION = YES;
				CLANG_WARN_DEPRECATED_OBJC_IMPLEMENTATIONS = YES;
				CLANG_WARN_DIRECT_OBJC_ISA_USAGE = YES_ERROR;
				CLANG_WARN_DOCUMENTATION_COMMENTS = YES;
				CLANG_WARN_EMPTY_BODY = YES;
				CLANG_WARN_ENUM_CONVERSION = YES;
				CLANG_WARN_INFINITE_RECURSION = YES;
				CLANG_WARN_INT_CONVERSION = YES;
				CLANG_WARN_NON_LITERAL_NULL_CONVERSION = YES;
				CLANG_WARN_OBJC_IMPLICIT_RETAIN_SELF = YES;
				CLANG_WARN_OBJC_LITERAL_CONVERSION = YES;
				CLANG_WARN_OBJC_ROOT_CLASS = YES_ERROR;
				CLANG_WARN_QUOTED_INCLUDE_IN_FRAMEWORK_HEADER = YES;
				CLANG_WARN_RANGE_LOOP_ANALYSIS = YES;
				CLANG_WARN_STRICT_PROTOTYPES = YES;
				CLANG_WARN_SUSPICIOUS_MOVE = YES;
				CLANG_WARN_UNGUARDED_AVAILABILITY = YES_AGGRESSIVE;
				CLANG_WARN_UNREACHABLE_CODE = YES;
				CLANG_WARN__DUPLICATE_METHOD_MATCH = YES;
				COPY_PHASE_STRIP = NO;
				DEBUG_INFORMATION_FORMAT = dwarf;
				ENABLE_STRICT_OBJC_MSGSEND = YES;
				ENABLE_TESTABILITY = YES;
				GCC_C_LANGUAGE_STANDARD = gnu11;
				GCC_DYNAMIC_NO_PIC = NO;
				GCC_NO_COMMON_BLOCKS = YES;
				GCC_OPTIMIZATION_LEVEL = 0;
				GCC_PREPROCESSOR_DEFINITIONS = (
					"DEBUG=1",
					"$(inherited)",
				);
				GCC_WARN_64_TO_32_BIT_CONVERSION = YES;
				GCC_WARN_ABOUT_RETURN_TYPE = YES_ERROR;
				GCC_WARN_UNDECLARED_SELECTOR = YES;
				GCC_WARN_UNINITIALIZED_AUTOS = YES_AGGRESSIVE;
				GCC_WARN_UNUSED_FUNCTION = YES;
				GCC_WARN_UNUSED_VARIABLE = YES;
				IPHONEOS_DEPLOYMENT_TARGET = 16.1;
				MTL_ENABLE_DEBUG_INFO = INCLUDE_SOURCE;
				MTL_FAST_MATH = YES;
				ONLY_ACTIVE_ARCH = YES;
				SDKROOT = iphoneos;
				SWIFT_ACTIVE_COMPILATION_CONDITIONS = DEBUG;
				SWIFT_OPTIMIZATION_LEVEL = "-Onone";
			};
			name = Debug;
		};
		BE9F7CF72931BEDE00561E8F /* Release */ = {
			isa = XCBuildConfiguration;
			buildSettings = {
				ALWAYS_SEARCH_USER_PATHS = NO;
				CLANG_ANALYZER_NONNULL = YES;
				CLANG_ANALYZER_NUMBER_OBJECT_CONVERSION = YES_AGGRESSIVE;
				CLANG_CXX_LANGUAGE_STANDARD = "gnu++20";
				CLANG_ENABLE_MODULES = YES;
				CLANG_ENABLE_OBJC_ARC = YES;
				CLANG_ENABLE_OBJC_WEAK = YES;
				CLANG_WARN_BLOCK_CAPTURE_AUTORELEASING = YES;
				CLANG_WARN_BOOL_CONVERSION = YES;
				CLANG_WARN_COMMA = YES;
				CLANG_WARN_CONSTANT_CONVERSION = YES;
				CLANG_WARN_DEPRECATED_OBJC_IMPLEMENTATIONS = YES;
				CLANG_WARN_DIRECT_OBJC_ISA_USAGE = YES_ERROR;
				CLANG_WARN_DOCUMENTATION_COMMENTS = YES;
				CLANG_WARN_EMPTY_BODY = YES;
				CLANG_WARN_ENUM_CONVERSION = YES;
				CLANG_WARN_INFINITE_RECURSION = YES;
				CLANG_WARN_INT_CONVERSION = YES;
				CLANG_WARN_NON_LITERAL_NULL_CONVERSION = YES;
				CLANG_WARN_OBJC_IMPLICIT_RETAIN_SELF = YES;
				CLANG_WARN_OBJC_LITERAL_CONVERSION = YES;
				CLANG_WARN_OBJC_ROOT_CLASS = YES_ERROR;
				CLANG_WARN_QUOTED_INCLUDE_IN_FRAMEWORK_HEADER = YES;
				CLANG_WARN_RANGE_LOOP_ANALYSIS = YES;
				CLANG_WARN_STRICT_PROTOTYPES = YES;
				CLANG_WARN_SUSPICIOUS_MOVE = YES;
				CLANG_WARN_UNGUARDED_AVAILABILITY = YES_AGGRESSIVE;
				CLANG_WARN_UNREACHABLE_CODE = YES;
				CLANG_WARN__DUPLICATE_METHOD_MATCH = YES;
				COPY_PHASE_STRIP = NO;
				DEBUG_INFORMATION_FORMAT = "dwarf-with-dsym";
				ENABLE_NS_ASSERTIONS = NO;
				ENABLE_STRICT_OBJC_MSGSEND = YES;
				GCC_C_LANGUAGE_STANDARD = gnu11;
				GCC_NO_COMMON_BLOCKS = YES;
				GCC_WARN_64_TO_32_BIT_CONVERSION = YES;
				GCC_WARN_ABOUT_RETURN_TYPE = YES_ERROR;
				GCC_WARN_UNDECLARED_SELECTOR = YES;
				GCC_WARN_UNINITIALIZED_AUTOS = YES_AGGRESSIVE;
				GCC_WARN_UNUSED_FUNCTION = YES;
				GCC_WARN_UNUSED_VARIABLE = YES;
				IPHONEOS_DEPLOYMENT_TARGET = 16.1;
				MTL_ENABLE_DEBUG_INFO = NO;
				MTL_FAST_MATH = YES;
				SDKROOT = iphoneos;
				SWIFT_COMPILATION_MODE = wholemodule;
				SWIFT_OPTIMIZATION_LEVEL = "-O";
				VALIDATE_PRODUCT = YES;
			};
			name = Release;
		};
		BE9F7CF92931BEDE00561E8F /* Debug */ = {
			isa = XCBuildConfiguration;
			baseConfigurationReference = 468AA8A8E8B0D3807CA744CF /* Pods-sidequest1.debug.xcconfig */;
			buildSettings = {
				ASSETCATALOG_COMPILER_APPICON_NAME = AppIcon;
				ASSETCATALOG_COMPILER_GLOBAL_ACCENT_COLOR_NAME = AccentColor;
				CODE_SIGN_STYLE = Automatic;
				CURRENT_PROJECT_VERSION = 1;
				DEVELOPMENT_TEAM = 5JWJSXAV5V;
				GENERATE_INFOPLIST_FILE = YES;
				INFOPLIST_FILE = sidequest1/Info.plist;
				INFOPLIST_KEY_UIApplicationSupportsIndirectInputEvents = YES;
				INFOPLIST_KEY_UILaunchStoryboardName = LaunchScreen;
				INFOPLIST_KEY_UISupportedInterfaceOrientations_iPad = "UIInterfaceOrientationPortrait UIInterfaceOrientationPortraitUpsideDown UIInterfaceOrientationLandscapeLeft UIInterfaceOrientationLandscapeRight";
				INFOPLIST_KEY_UISupportedInterfaceOrientations_iPhone = "UIInterfaceOrientationPortrait UIInterfaceOrientationLandscapeLeft UIInterfaceOrientationLandscapeRight";
				IPHONEOS_DEPLOYMENT_TARGET = 16.0;
				LD_RUNPATH_SEARCH_PATHS = (
					"$(inherited)",
					"@executable_path/Frameworks",
				);
				MARKETING_VERSION = 1.0;
				PRODUCT_BUNDLE_IDENTIFIER = com.kenchiem.sidequest1;
				PRODUCT_NAME = "$(TARGET_NAME)";
				SWIFT_EMIT_LOC_STRINGS = YES;
				SWIFT_VERSION = 5.0;
				TARGETED_DEVICE_FAMILY = "1,2";
			};
			name = Debug;
		};
		BE9F7CFA2931BEDE00561E8F /* Release */ = {
			isa = XCBuildConfiguration;
			baseConfigurationReference = 55C5B7DB1146E28998090759 /* Pods-sidequest1.release.xcconfig */;
			buildSettings = {
				ASSETCATALOG_COMPILER_APPICON_NAME = AppIcon;
				ASSETCATALOG_COMPILER_GLOBAL_ACCENT_COLOR_NAME = AccentColor;
				CODE_SIGN_STYLE = Automatic;
				CURRENT_PROJECT_VERSION = 1;
				DEVELOPMENT_TEAM = 5JWJSXAV5V;
				GENERATE_INFOPLIST_FILE = YES;
				INFOPLIST_FILE = sidequest1/Info.plist;
				INFOPLIST_KEY_UIApplicationSupportsIndirectInputEvents = YES;
				INFOPLIST_KEY_UILaunchStoryboardName = LaunchScreen;
				INFOPLIST_KEY_UISupportedInterfaceOrientations_iPad = "UIInterfaceOrientationPortrait UIInterfaceOrientationPortraitUpsideDown UIInterfaceOrientationLandscapeLeft UIInterfaceOrientationLandscapeRight";
				INFOPLIST_KEY_UISupportedInterfaceOrientations_iPhone = "UIInterfaceOrientationPortrait UIInterfaceOrientationLandscapeLeft UIInterfaceOrientationLandscapeRight";
				IPHONEOS_DEPLOYMENT_TARGET = 16.0;
				LD_RUNPATH_SEARCH_PATHS = (
					"$(inherited)",
					"@executable_path/Frameworks",
				);
				MARKETING_VERSION = 1.0;
				PRODUCT_BUNDLE_IDENTIFIER = com.kenchiem.sidequest1;
				PRODUCT_NAME = "$(TARGET_NAME)";
				SWIFT_EMIT_LOC_STRINGS = YES;
				SWIFT_VERSION = 5.0;
				TARGETED_DEVICE_FAMILY = "1,2";
			};
			name = Release;
		};
/* End XCBuildConfiguration section */

/* Begin XCConfigurationList section */
		BE9F7CDF2931BEDC00561E8F /* Build configuration list for PBXProject "sidequest1" */ = {
			isa = XCConfigurationList;
			buildConfigurations = (
				BE9F7CF62931BEDE00561E8F /* Debug */,
				BE9F7CF72931BEDE00561E8F /* Release */,
			);
			defaultConfigurationIsVisible = 0;
			defaultConfigurationName = Release;
		};
		BE9F7CF82931BEDE00561E8F /* Build configuration list for PBXNativeTarget "sidequest1" */ = {
			isa = XCConfigurationList;
			buildConfigurations = (
				BE9F7CF92931BEDE00561E8F /* Debug */,
				BE9F7CFA2931BEDE00561E8F /* Release */,
			);
			defaultConfigurationIsVisible = 0;
			defaultConfigurationName = Release;
		};
/* End XCConfigurationList section */
	};
	rootObject = BE9F7CDC2931BEDC00561E8F /* Project object */;
}
